
Microsoft Visual Studio Solution File, Format Version 12.00
# Visual Studio 15
VisualStudioVersion = 15.0.27130.2010
MinimumVisualStudioVersion = 10.0.40219.1
Project("{FAE04EC0-301F-11D3-BF4B-00C04F79EFBC}") = "ConsoleApp", "ConsoleApp\ConsoleApp.csproj", "{0CA6D149-7338-4D87-B061-8FCC7F132EE2}"
EndProject
Project("{FAE04EC0-301F-11D3-BF4B-00C04F79EFBC}") = "WebSite", "WebSite\WebSite.csproj", "{3A189F3C-B6F6-4D43-977E-EB9D923E35B4}"
EndProject
Project("{FAE04EC0-301F-11D3-BF4B-00C04F79EFBC}") = "Common", "Common\Common.csproj", "{8F5E2212-2B69-456B-B8BC-F030CCBD7E7F}"
EndProject
Project("{FAE04EC0-301F-11D3-BF4B-00C04F79EFBC}") = "Models", "Models\Models.csproj", "{66ED7CC6-7BBA-4DB7-8607-375EC3A3318C}"
EndProject
Global
	GlobalSection(SolutionConfigurationPlatforms) = preSolution
		Debug|Any CPU = Debug|Any CPU
		Release|Any CPU = Release|Any CPU
	EndGlobalSection
	GlobalSection(ProjectConfigurationPlatforms) = postSolution
		{0CA6D149-7338-4D87-B061-8FCC7F132EE2}.Debug|Any CPU.ActiveCfg = Debug|Any CPU
		{0CA6D149-7338-4D87-B061-8FCC7F132EE2}.Debug|Any CPU.Build.0 = Debug|Any CPU
		{0CA6D149-7338-4D87-B061-8FCC7F132EE2}.Release|Any CPU.ActiveCfg = Release|Any CPU
		{0CA6D149-7338-4D87-B061-8FCC7F132EE2}.Release|Any CPU.Build.0 = Release|Any CPU
		{3A189F3C-B6F6-4D43-977E-EB9D923E35B4}.Debug|Any CPU.ActiveCfg = Debug|Any CPU
		{3A189F3C-B6F6-4D43-977E-EB9D923E35B4}.Debug|Any CPU.Build.0 = Debug|Any CPU
		{3A189F3C-B6F6-4D43-977E-EB9D923E35B4}.Release|Any CPU.ActiveCfg = Release|Any CPU
		{3A189F3C-B6F6-4D43-977E-EB9D923E35B4}.Release|Any CPU.Build.0 = Release|Any CPU
		{8F5E2212-2B69-456B-B8BC-F030CCBD7E7F}.Debug|Any CPU.ActiveCfg = Debug|Any CPU
		{8F5E2212-2B69-456B-B8BC-F030CCBD7E7F}.Debug|Any CPU.Build.0 = Debug|Any CPU
		{8F5E2212-2B69-456B-B8BC-F030CCBD7E7F}.Release|Any CPU.ActiveCfg = Release|Any CPU
		{8F5E2212-2B69-456B-B8BC-F030CCBD7E7F}.Release|Any CPU.Build.0 = Release|Any CPU
		{66ED7CC6-7BBA-4DB7-8607-375EC3A3318C}.Debug|Any CPU.ActiveCfg = Debug|Any CPU
		{66ED7CC6-7BBA-4DB7-8607-375EC3A3318C}.Debug|Any CPU.Build.0 = Debug|Any CPU
		{66ED7CC6-7BBA-4DB7-8607-375EC3A3318C}.Release|Any CPU.ActiveCfg = Release|Any CPU
		{66ED7CC6-7BBA-4DB7-8607-375EC3A3318C}.Release|Any CPU.Build.0 = Release|Any CPU
	EndGlobalSection
	GlobalSection(SolutionProperties) = preSolution
		HideSolutionNode = FALSE
	EndGlobalSection
	GlobalSection(ExtensibilityGlobals) = postSolution
		SolutionGuid = {0FADB617-80F9-49B6-BAA5-9F1729D024FB}
	EndGlobalSection
EndGlobal
